
Microsoft Visual Studio Solution File, Format Version 12.00
# Visual Studio Version 16
VisualStudioVersion = 16.0.30002.166
MinimumVisualStudioVersion = 10.0.40219.1
Project("{9A19103F-16F7-4668-BE54-9A1E7A4F7556}") = "MGR.CommandLineParser", "src\MGR.CommandLineParser\MGR.CommandLineParser.csproj", "{EF6019C2-2C4D-4874-BBBF-D76CA30F7E8D}"
EndProject
Project("{2150E333-8FDC-42A3-9474-1A3956D46DE8}") = "tests", "tests", "{569ED12A-DA23-4457-B304-6B00C0CB335E}"
EndProject
Project("{9A19103F-16F7-4668-BE54-9A1E7A4F7556}") = "MGR.CommandLineParser.UnitTests", "tests\MGR.CommandLineParser.UnitTests\MGR.CommandLineParser.UnitTests.csproj", "{22F60D05-F6DB-4410-80AD-E558EF1BDF6F}"
EndProject
Project("{2150E333-8FDC-42A3-9474-1A3956D46DE8}") = "Samples", "Samples", "{0B84161D-C735-43F0-A525-4ED42CC4B17C}"
EndProject
Project("{9A19103F-16F7-4668-BE54-9A1E7A4F7556}") = "MGR.CommandLineParser.IntegrationTests", "tests\MGR.CommandLineParser.IntegrationTests\MGR.CommandLineParser.IntegrationTests.csproj", "{7FD4CEB3-040B-4581-9B7C-EF8CB99B0951}"
EndProject
Project("{9A19103F-16F7-4668-BE54-9A1E7A4F7556}") = "SimpleApp", "samples\SimpleApp\SimpleApp.csproj", "{F192F36D-7EDD-4E1E-82A4-95CA11665D2B}"
EndProject
Project("{2150E333-8FDC-42A3-9474-1A3956D46DE8}") = "SharedFiles", "SharedFiles", "{B5BDC6B3-1206-4DF3-A76C-22FE55064082}"
	ProjectSection(SolutionItems) = preProject
		src\SharedFiles\CommonAssemblyInfo.cs = src\SharedFiles\CommonAssemblyInfo.cs
		src\SharedFiles\VersionAssemblyInfo.cs = src\SharedFiles\VersionAssemblyInfo.cs
	EndProjectSection
EndProject
Project("{2150E333-8FDC-42A3-9474-1A3956D46DE8}") = "Solution Items", "Solution Items", "{EF849FD3-293F-4CC8-B227-9680CF929A66}"
	ProjectSection(SolutionItems) = preProject
		.editorconfig = .editorconfig
		.gitattributes = .gitattributes
		.gitignore = .gitignore
		LICENSE = LICENSE
		MGR.CommandLineParser.ruleset = MGR.CommandLineParser.ruleset
		MGR.CommandLineParser.runsettings = MGR.CommandLineParser.runsettings
		MGR.CommandLineParser.vsext = MGR.CommandLineParser.vsext
		README.md = README.md
	EndProjectSection
EndProject
Project("{2150E333-8FDC-42A3-9474-1A3956D46DE8}") = "build", "build", "{07E4D8F7-2EDA-460D-B8E0-58B1BA42CD46}"
	ProjectSection(SolutionItems) = preProject
		build\azure-pipelines.yaml = build\azure-pipelines.yaml
		build\coverlet.runsettings = build\coverlet.runsettings
		Directory.Build.props = Directory.Build.props
		build\generate_docs.ps1 = build\generate_docs.ps1
		GitVersionConfig.yaml = GitVersionConfig.yaml
		global.json = global.json
	EndProjectSection
EndProject
Project("{9A19103F-16F7-4668-BE54-9A1E7A4F7556}") = "MGR.CommandLineParser.Tests.Commands", "tests\MGR.CommandLineParser.Tests.Commands\MGR.CommandLineParser.Tests.Commands.csproj", "{A422BACE-2758-4ABD-9DAA-ADF289FCCE65}"
EndProject
Project("{2150E333-8FDC-42A3-9474-1A3956D46DE8}") = "docs", "docs", "{172E24C2-BF99-4DA9-A7DF-8C0BB44C138D}"
EndProject
Project("{2150E333-8FDC-42A3-9474-1A3956D46DE8}") = "src", "src", "{FB795A12-C939-492F-9377-4C468D01EF3C}"
EndProject
Project("{9A19103F-16F7-4668-BE54-9A1E7A4F7556}") = "MGR.CommandLineParser.Command.Lambda", "src\MGR.CommandLineParser.Command.Lambda\MGR.CommandLineParser.Command.Lambda.csproj", "{9F5A0142-E0A1-45A2-961E-55611B4440AD}"
EndProject
Project("{9A19103F-16F7-4668-BE54-9A1E7A4F7556}") = "MGR.CommandLineParser.Hosting", "src\MGR.CommandLineParser.Hosting\MGR.CommandLineParser.Hosting.csproj", "{40EAA8E2-7AFE-4ED1-A961-35BD7E424985}"
EndProject
Project("{9A19103F-16F7-4668-BE54-9A1E7A4F7556}") = "docs", "docs\docs.csproj", "{405858FA-1E78-48C7-9915-B558D0F15CAE}"
EndProject
Global
	GlobalSection(SolutionConfigurationPlatforms) = preSolution
		Debug|Any CPU = Debug|Any CPU
		Release|Any CPU = Release|Any CPU
	EndGlobalSection
	GlobalSection(ProjectConfigurationPlatforms) = postSolution
		{EF6019C2-2C4D-4874-BBBF-D76CA30F7E8D}.Debug|Any CPU.ActiveCfg = Debug|Any CPU
		{EF6019C2-2C4D-4874-BBBF-D76CA30F7E8D}.Debug|Any CPU.Build.0 = Debug|Any CPU
		{EF6019C2-2C4D-4874-BBBF-D76CA30F7E8D}.Release|Any CPU.ActiveCfg = Release|Any CPU
		{EF6019C2-2C4D-4874-BBBF-D76CA30F7E8D}.Release|Any CPU.Build.0 = Release|Any CPU
		{22F60D05-F6DB-4410-80AD-E558EF1BDF6F}.Debug|Any CPU.ActiveCfg = Debug|Any CPU
		{22F60D05-F6DB-4410-80AD-E558EF1BDF6F}.Debug|Any CPU.Build.0 = Debug|Any CPU
		{22F60D05-F6DB-4410-80AD-E558EF1BDF6F}.Release|Any CPU.ActiveCfg = Release|Any CPU
		{22F60D05-F6DB-4410-80AD-E558EF1BDF6F}.Release|Any CPU.Build.0 = Release|Any CPU
		{7FD4CEB3-040B-4581-9B7C-EF8CB99B0951}.Debug|Any CPU.ActiveCfg = Debug|Any CPU
		{7FD4CEB3-040B-4581-9B7C-EF8CB99B0951}.Debug|Any CPU.Build.0 = Debug|Any CPU
		{7FD4CEB3-040B-4581-9B7C-EF8CB99B0951}.Release|Any CPU.ActiveCfg = Release|Any CPU
		{7FD4CEB3-040B-4581-9B7C-EF8CB99B0951}.Release|Any CPU.Build.0 = Release|Any CPU
		{F192F36D-7EDD-4E1E-82A4-95CA11665D2B}.Debug|Any CPU.ActiveCfg = Debug|Any CPU
		{F192F36D-7EDD-4E1E-82A4-95CA11665D2B}.Debug|Any CPU.Build.0 = Debug|Any CPU
		{F192F36D-7EDD-4E1E-82A4-95CA11665D2B}.Release|Any CPU.ActiveCfg = Release|Any CPU
		{F192F36D-7EDD-4E1E-82A4-95CA11665D2B}.Release|Any CPU.Build.0 = Release|Any CPU
		{A422BACE-2758-4ABD-9DAA-ADF289FCCE65}.Debug|Any CPU.ActiveCfg = Debug|Any CPU
		{A422BACE-2758-4ABD-9DAA-ADF289FCCE65}.Debug|Any CPU.Build.0 = Debug|Any CPU
		{A422BACE-2758-4ABD-9DAA-ADF289FCCE65}.Release|Any CPU.ActiveCfg = Release|Any CPU
		{A422BACE-2758-4ABD-9DAA-ADF289FCCE65}.Release|Any CPU.Build.0 = Release|Any CPU
		{9F5A0142-E0A1-45A2-961E-55611B4440AD}.Debug|Any CPU.ActiveCfg = Debug|Any CPU
		{9F5A0142-E0A1-45A2-961E-55611B4440AD}.Debug|Any CPU.Build.0 = Debug|Any CPU
		{9F5A0142-E0A1-45A2-961E-55611B4440AD}.Release|Any CPU.ActiveCfg = Release|Any CPU
		{9F5A0142-E0A1-45A2-961E-55611B4440AD}.Release|Any CPU.Build.0 = Release|Any CPU
		{40EAA8E2-7AFE-4ED1-A961-35BD7E424985}.Debug|Any CPU.ActiveCfg = Debug|Any CPU
		{40EAA8E2-7AFE-4ED1-A961-35BD7E424985}.Debug|Any CPU.Build.0 = Debug|Any CPU
		{40EAA8E2-7AFE-4ED1-A961-35BD7E424985}.Release|Any CPU.ActiveCfg = Release|Any CPU
		{40EAA8E2-7AFE-4ED1-A961-35BD7E424985}.Release|Any CPU.Build.0 = Release|Any CPU
		{405858FA-1E78-48C7-9915-B558D0F15CAE}.Debug|Any CPU.ActiveCfg = Debug|Any CPU
		{405858FA-1E78-48C7-9915-B558D0F15CAE}.Debug|Any CPU.Build.0 = Debug|Any CPU
		{405858FA-1E78-48C7-9915-B558D0F15CAE}.Release|Any CPU.ActiveCfg = Release|Any CPU
		{405858FA-1E78-48C7-9915-B558D0F15CAE}.Release|Any CPU.Build.0 = Release|Any CPU
	EndGlobalSection
	GlobalSection(SolutionProperties) = preSolution
		HideSolutionNode = FALSE
	EndGlobalSection
	GlobalSection(NestedProjects) = preSolution
		{EF6019C2-2C4D-4874-BBBF-D76CA30F7E8D} = {FB795A12-C939-492F-9377-4C468D01EF3C}
		{22F60D05-F6DB-4410-80AD-E558EF1BDF6F} = {569ED12A-DA23-4457-B304-6B00C0CB335E}
		{7FD4CEB3-040B-4581-9B7C-EF8CB99B0951} = {569ED12A-DA23-4457-B304-6B00C0CB335E}
		{F192F36D-7EDD-4E1E-82A4-95CA11665D2B} = {0B84161D-C735-43F0-A525-4ED42CC4B17C}
		{B5BDC6B3-1206-4DF3-A76C-22FE55064082} = {FB795A12-C939-492F-9377-4C468D01EF3C}
		{A422BACE-2758-4ABD-9DAA-ADF289FCCE65} = {569ED12A-DA23-4457-B304-6B00C0CB335E}
		{9F5A0142-E0A1-45A2-961E-55611B4440AD} = {FB795A12-C939-492F-9377-4C468D01EF3C}
		{40EAA8E2-7AFE-4ED1-A961-35BD7E424985} = {FB795A12-C939-492F-9377-4C468D01EF3C}
		{405858FA-1E78-48C7-9915-B558D0F15CAE} = {172E24C2-BF99-4DA9-A7DF-8C0BB44C138D}
	EndGlobalSection
	GlobalSection(ExtensibilityGlobals) = postSolution
		SolutionGuid = {827031C5-AE76-4B4C-9503-E13F15B497E9}
	EndGlobalSection
EndGlobal
