
Microsoft Visual Studio Solution File, Format Version 12.00
# Visual Studio 2012
VisualStudioVersion = 14.0.24720.0
MinimumVisualStudioVersion = 10.0.40219.1
Project("{2150E333-8FDC-42A3-9474-1A3956D46DE8}") = "CommonFiles", "CommonFiles", "{B5BDC6B3-1206-4DF3-A76C-22FE55064082}"
	ProjectSection(SolutionItems) = preProject
		src\CommonFiles\CommonAssemblyInfo.cs = src\CommonFiles\CommonAssemblyInfo.cs
		src\CommonFiles\VersionAssemblyInfo.cs = src\CommonFiles\VersionAssemblyInfo.cs
	EndProjectSection
EndProject
Project("{2150E333-8FDC-42A3-9474-1A3956D46DE8}") = "Solution Items", "Solution Items", "{EF849FD3-293F-4CC8-B227-9680CF929A66}"
	ProjectSection(SolutionItems) = preProject
		.gitattributes = .gitattributes
		.gitignore = .gitignore
		LICENSE = LICENSE
		MGR.CommandLineParser.ruleset = MGR.CommandLineParser.ruleset
		MGR.CommandLineParser.runsettings = MGR.CommandLineParser.runsettings
		MGR.CommandLineParser.vsext = MGR.CommandLineParser.vsext
		README.md = README.md
	EndProjectSection
EndProject
Project("{FAE04EC0-301F-11D3-BF4B-00C04F79EFBC}") = "MGR.CommandLineParser.linux", "src\MGR.CommandLineParser\MGR.CommandLineParser.linux.csproj", "{EF6019C2-2C4D-4874-BBBF-D76CA30F7E8D}"
EndProject
Global
	GlobalSection(SolutionConfigurationPlatforms) = preSolution
		Debug|Any CPU = Debug|Any CPU
		Release|Any CPU = Release|Any CPU
	EndGlobalSection
	GlobalSection(ProjectConfigurationPlatforms) = postSolution
		{EF6019C2-2C4D-4874-BBBF-D76CA30F7E8D}.Debug|Any CPU.ActiveCfg = Debug|Any CPU
		{EF6019C2-2C4D-4874-BBBF-D76CA30F7E8D}.Debug|Any CPU.Build.0 = Debug|Any CPU
		{EF6019C2-2C4D-4874-BBBF-D76CA30F7E8D}.Release|Any CPU.ActiveCfg = Release|Any CPU
		{EF6019C2-2C4D-4874-BBBF-D76CA30F7E8D}.Release|Any CPU.Build.0 = Release|Any CPU
	EndGlobalSection
	GlobalSection(NestedProjects) = preSolution
	EndGlobalSection
	GlobalSection(SolutionProperties) = preSolution
		HideSolutionNode = FALSE
	EndGlobalSection
EndGlobal
