
Microsoft Visual Studio Solution File, Format Version 12.00
# Visual Studio 2013
VisualStudioVersion = 12.0.30723.0
MinimumVisualStudioVersion = 10.0.40219.1
Project("{FAE04EC0-301F-11D3-BF4B-00C04F79EFBC}") = "MGR.CommandLineParser", "MGR.CommandLineParser\MGR.CommandLineParser.csproj", "{EF6019C2-2C4D-4874-BBBF-D76CA30F7E8D}"
EndProject
Project("{2150E333-8FDC-42A3-9474-1A3956D46DE8}") = "tests", "tests", "{569ED12A-DA23-4457-B304-6B00C0CB335E}"
EndProject
Project("{FAE04EC0-301F-11D3-BF4B-00C04F79EFBC}") = "MGR.CommandLineParser.UnitTests", "tests\MGR.CommandLineParser.UnitTests\MGR.CommandLineParser.UnitTests.csproj", "{22F60D05-F6DB-4410-80AD-E558EF1BDF6F}"
EndProject
Project("{2150E333-8FDC-42A3-9474-1A3956D46DE8}") = "Samples", "Samples", "{0B84161D-C735-43F0-A525-4ED42CC4B17C}"
EndProject
Project("{FAE04EC0-301F-11D3-BF4B-00C04F79EFBC}") = "MGR.CommandLineParser.IntegrationTests", "tests\MGR.CommandLineParser.IntegrationTests\MGR.CommandLineParser.IntegrationTests.csproj", "{7FD4CEB3-040B-4581-9B7C-EF8CB99B0951}"
EndProject
Project("{FAE04EC0-301F-11D3-BF4B-00C04F79EFBC}") = "SimpleApp", "Samples\SimpleApp\SimpleApp.csproj", "{F192F36D-7EDD-4E1E-82A4-95CA11665D2B}"
EndProject
Project("{2150E333-8FDC-42A3-9474-1A3956D46DE8}") = "CommonFiles", "CommonFiles", "{B5BDC6B3-1206-4DF3-A76C-22FE55064082}"
	ProjectSection(SolutionItems) = preProject
		CommonFiles\CommonAssemblyInfo.cs = CommonFiles\CommonAssemblyInfo.cs
		CommonFiles\VersionAssemblyInfo.cs = CommonFiles\VersionAssemblyInfo.cs
	EndProjectSection
EndProject
Global
	GlobalSection(SolutionConfigurationPlatforms) = preSolution
		Debug|Any CPU = Debug|Any CPU
		Release|Any CPU = Release|Any CPU
	EndGlobalSection
	GlobalSection(ProjectConfigurationPlatforms) = postSolution
		{EF6019C2-2C4D-4874-BBBF-D76CA30F7E8D}.Debug|Any CPU.ActiveCfg = Debug|Any CPU
		{EF6019C2-2C4D-4874-BBBF-D76CA30F7E8D}.Debug|Any CPU.Build.0 = Debug|Any CPU
		{EF6019C2-2C4D-4874-BBBF-D76CA30F7E8D}.Release|Any CPU.ActiveCfg = Release|Any CPU
		{EF6019C2-2C4D-4874-BBBF-D76CA30F7E8D}.Release|Any CPU.Build.0 = Release|Any CPU
		{22F60D05-F6DB-4410-80AD-E558EF1BDF6F}.Debug|Any CPU.ActiveCfg = Debug|Any CPU
		{22F60D05-F6DB-4410-80AD-E558EF1BDF6F}.Debug|Any CPU.Build.0 = Debug|Any CPU
		{22F60D05-F6DB-4410-80AD-E558EF1BDF6F}.Release|Any CPU.ActiveCfg = Release|Any CPU
		{22F60D05-F6DB-4410-80AD-E558EF1BDF6F}.Release|Any CPU.Build.0 = Release|Any CPU
		{7FD4CEB3-040B-4581-9B7C-EF8CB99B0951}.Debug|Any CPU.ActiveCfg = Debug|Any CPU
		{7FD4CEB3-040B-4581-9B7C-EF8CB99B0951}.Debug|Any CPU.Build.0 = Debug|Any CPU
		{7FD4CEB3-040B-4581-9B7C-EF8CB99B0951}.Release|Any CPU.ActiveCfg = Release|Any CPU
		{7FD4CEB3-040B-4581-9B7C-EF8CB99B0951}.Release|Any CPU.Build.0 = Release|Any CPU
		{F192F36D-7EDD-4E1E-82A4-95CA11665D2B}.Debug|Any CPU.ActiveCfg = Debug|Any CPU
		{F192F36D-7EDD-4E1E-82A4-95CA11665D2B}.Debug|Any CPU.Build.0 = Debug|Any CPU
		{F192F36D-7EDD-4E1E-82A4-95CA11665D2B}.Release|Any CPU.ActiveCfg = Release|Any CPU
		{F192F36D-7EDD-4E1E-82A4-95CA11665D2B}.Release|Any CPU.Build.0 = Release|Any CPU
	EndGlobalSection
	GlobalSection(SolutionProperties) = preSolution
		HideSolutionNode = FALSE
	EndGlobalSection
	GlobalSection(NestedProjects) = preSolution
		{22F60D05-F6DB-4410-80AD-E558EF1BDF6F} = {569ED12A-DA23-4457-B304-6B00C0CB335E}
		{7FD4CEB3-040B-4581-9B7C-EF8CB99B0951} = {569ED12A-DA23-4457-B304-6B00C0CB335E}
		{F192F36D-7EDD-4E1E-82A4-95CA11665D2B} = {0B84161D-C735-43F0-A525-4ED42CC4B17C}
	EndGlobalSection
EndGlobal
